// !$*UTF8*$!
{
	archiveVersion = 1;
	classes = {
	};
	objectVersion = 56;
	objects = {

/* Begin PBXBuildFile section */
		634A30C42B4DA229004B5076 /* SQLite in Frameworks */ = {isa = PBXBuildFile; productRef = 634A30C32B4DA229004B5076 /* SQLite */; };
		63B7605A2B4D951100D70D42 /* AppDelegate.swift in Sources */ = {isa = PBXBuildFile; fileRef = 63B760592B4D951100D70D42 /* AppDelegate.swift */; };
		63B7605C2B4D951100D70D42 /* SceneDelegate.swift in Sources */ = {isa = PBXBuildFile; fileRef = 63B7605B2B4D951100D70D42 /* SceneDelegate.swift */; };
		63B760612B4D951100D70D42 /* Main.storyboard in Resources */ = {isa = PBXBuildFile; fileRef = 63B7605F2B4D951100D70D42 /* Main.storyboard */; };
		63B760632B4D951200D70D42 /* Assets.xcassets in Resources */ = {isa = PBXBuildFile; fileRef = 63B760622B4D951200D70D42 /* Assets.xcassets */; };
		63B760662B4D951200D70D42 /* LaunchScreen.storyboard in Resources */ = {isa = PBXBuildFile; fileRef = 63B760642B4D951200D70D42 /* LaunchScreen.storyboard */; };
		63B7608B2B4D954700D70D42 /* TaskListViewController.swift in Sources */ = {isa = PBXBuildFile; fileRef = 63B7608A2B4D954700D70D42 /* TaskListViewController.swift */; };
		63B7608D2B4D955F00D70D42 /* AddTaskViewController.swift in Sources */ = {isa = PBXBuildFile; fileRef = 63B7608C2B4D955F00D70D42 /* AddTaskViewController.swift */; };
		63B760902B4D958400D70D42 /* Task.swift in Sources */ = {isa = PBXBuildFile; fileRef = 63B7608F2B4D958400D70D42 /* Task.swift */; };
		63B760922B4D966400D70D42 /* DatabaseManager.swift in Sources */ = {isa = PBXBuildFile; fileRef = 63B760912B4D966400D70D42 /* DatabaseManager.swift */; };
		63B760952B4D96EF00D70D42 /* TaskTableViewCell.swift in Sources */ = {isa = PBXBuildFile; fileRef = 63B760932B4D96EF00D70D42 /* TaskTableViewCell.swift */; };
/* End PBXBuildFile section */

/* Begin PBXContainerItemProxy section */
		63B7606D2B4D951200D70D42 /* PBXContainerItemProxy */ = {
			isa = PBXContainerItemProxy;
			containerPortal = 63B7604E2B4D951100D70D42 /* Project object */;
			proxyType = 1;
			remoteGlobalIDString = 63B760552B4D951100D70D42;
			remoteInfo = ToDoListApp;
		};
		63B760772B4D951200D70D42 /* PBXContainerItemProxy */ = {
			isa = PBXContainerItemProxy;
			containerPortal = 63B7604E2B4D951100D70D42 /* Project object */;
			proxyType = 1;
			remoteGlobalIDString = 63B760552B4D951100D70D42;
			remoteInfo = ToDoListApp;
		};
/* End PBXContainerItemProxy section */

/* Begin PBXFileReference section */
		63B760562B4D951100D70D42 /* ToDoListApp.app */ = {isa = PBXFileReference; explicitFileType = wrapper.application; includeInIndex = 0; path = ToDoListApp.app; sourceTree = BUILT_PRODUCTS_DIR; };
		63B760592B4D951100D70D42 /* AppDelegate.swift */ = {isa = PBXFileReference; lastKnownFileType = sourcecode.swift; path = AppDelegate.swift; sourceTree = "<group>"; };
		63B7605B2B4D951100D70D42 /* SceneDelegate.swift */ = {isa = PBXFileReference; lastKnownFileType = sourcecode.swift; path = SceneDelegate.swift; sourceTree = "<group>"; };
		63B760602B4D951100D70D42 /* Base */ = {isa = PBXFileReference; lastKnownFileType = file.storyboard; name = Base; path = Base.lproj/Main.storyboard; sourceTree = "<group>"; };
		63B760622B4D951200D70D42 /* Assets.xcassets */ = {isa = PBXFileReference; lastKnownFileType = folder.assetcatalog; path = Assets.xcassets; sourceTree = "<group>"; };
		63B760652B4D951200D70D42 /* Base */ = {isa = PBXFileReference; lastKnownFileType = file.storyboard; name = Base; path = Base.lproj/LaunchScreen.storyboard; sourceTree = "<group>"; };
		63B760672B4D951200D70D42 /* Info.plist */ = {isa = PBXFileReference; lastKnownFileType = text.plist.xml; path = Info.plist; sourceTree = "<group>"; };
		63B7606C2B4D951200D70D42 /* ToDoListAppTests.xctest */ = {isa = PBXFileReference; explicitFileType = wrapper.cfbundle; includeInIndex = 0; path = ToDoListAppTests.xctest; sourceTree = BUILT_PRODUCTS_DIR; };
		63B760762B4D951200D70D42 /* ToDoListAppUITests.xctest */ = {isa = PBXFileReference; explicitFileType = wrapper.cfbundle; includeInIndex = 0; path = ToDoListAppUITests.xctest; sourceTree = BUILT_PRODUCTS_DIR; };
		63B7608A2B4D954700D70D42 /* TaskListViewController.swift */ = {isa = PBXFileReference; lastKnownFileType = sourcecode.swift; path = TaskListViewController.swift; sourceTree = "<group>"; };
		63B7608C2B4D955F00D70D42 /* AddTaskViewController.swift */ = {isa = PBXFileReference; lastKnownFileType = sourcecode.swift; path = AddTaskViewController.swift; sourceTree = "<group>"; };
		63B7608F2B4D958400D70D42 /* Task.swift */ = {isa = PBXFileReference; lastKnownFileType = sourcecode.swift; path = Task.swift; sourceTree = "<group>"; };
		63B760912B4D966400D70D42 /* DatabaseManager.swift */ = {isa = PBXFileReference; lastKnownFileType = sourcecode.swift; path = DatabaseManager.swift; sourceTree = "<group>"; };
		63B760932B4D96EF00D70D42 /* TaskTableViewCell.swift */ = {isa = PBXFileReference; lastKnownFileType = sourcecode.swift; path = TaskTableViewCell.swift; sourceTree = "<group>"; };
/* End PBXFileReference section */

/* Begin PBXFrameworksBuildPhase section */
		63B760532B4D951100D70D42 /* Frameworks */ = {
			isa = PBXFrameworksBuildPhase;
			buildActionMask = 2147483647;
			files = (
				634A30C42B4DA229004B5076 /* SQLite in Frameworks */,
			);
			runOnlyForDeploymentPostprocessing = 0;
		};
		63B760692B4D951200D70D42 /* Frameworks */ = {
			isa = PBXFrameworksBuildPhase;
			buildActionMask = 2147483647;
			files = (
			);
			runOnlyForDeploymentPostprocessing = 0;
		};
		63B760732B4D951200D70D42 /* Frameworks */ = {
			isa = PBXFrameworksBuildPhase;
			buildActionMask = 2147483647;
			files = (
			);
			runOnlyForDeploymentPostprocessing = 0;
		};
/* End PBXFrameworksBuildPhase section */

/* Begin PBXGroup section */
		63B7604D2B4D951100D70D42 = {
			isa = PBXGroup;
			children = (
				63B760582B4D951100D70D42 /* ToDoListApp */,
				63B760572B4D951100D70D42 /* Products */,
			);
			sourceTree = "<group>";
		};
		63B760572B4D951100D70D42 /* Products */ = {
			isa = PBXGroup;
			children = (
				63B760562B4D951100D70D42 /* ToDoListApp.app */,
				63B7606C2B4D951200D70D42 /* ToDoListAppTests.xctest */,
				63B760762B4D951200D70D42 /* ToDoListAppUITests.xctest */,
			);
			name = Products;
			sourceTree = "<group>";
		};
		63B760582B4D951100D70D42 /* ToDoListApp */ = {
			isa = PBXGroup;
			children = (
				63B760982B4D994500D70D42 /* App Helpers */,
				63B760972B4D976600D70D42 /* Storyboards */,
				63B7608E2B4D957000D70D42 /* Models */,
				63B760892B4D952700D70D42 /* Controllers */,
				63B760622B4D951200D70D42 /* Assets.xcassets */,
				63B760672B4D951200D70D42 /* Info.plist */,
			);
			path = ToDoListApp;
			sourceTree = "<group>";
		};
		63B760892B4D952700D70D42 /* Controllers */ = {
			isa = PBXGroup;
			children = (
				63B7608A2B4D954700D70D42 /* TaskListViewController.swift */,
				63B7608C2B4D955F00D70D42 /* AddTaskViewController.swift */,
				63B760932B4D96EF00D70D42 /* TaskTableViewCell.swift */,
			);
			path = Controllers;
			sourceTree = "<group>";
		};
		63B7608E2B4D957000D70D42 /* Models */ = {
			isa = PBXGroup;
			children = (
				63B7608F2B4D958400D70D42 /* Task.swift */,
				63B760912B4D966400D70D42 /* DatabaseManager.swift */,
			);
			path = Models;
			sourceTree = "<group>";
		};
		63B760972B4D976600D70D42 /* Storyboards */ = {
			isa = PBXGroup;
			children = (
				63B760642B4D951200D70D42 /* LaunchScreen.storyboard */,
				63B7605F2B4D951100D70D42 /* Main.storyboard */,
			);
			path = Storyboards;
			sourceTree = "<group>";
		};
		63B760982B4D994500D70D42 /* App Helpers */ = {
			isa = PBXGroup;
			children = (
				63B760592B4D951100D70D42 /* AppDelegate.swift */,
				63B7605B2B4D951100D70D42 /* SceneDelegate.swift */,
			);
			path = "App Helpers";
			sourceTree = "<group>";
		};
/* End PBXGroup section */

/* Begin PBXNativeTarget section */
		63B760552B4D951100D70D42 /* ToDoListApp */ = {
			isa = PBXNativeTarget;
			buildConfigurationList = 63B760802B4D951200D70D42 /* Build configuration list for PBXNativeTarget "ToDoListApp" */;
			buildPhases = (
				63B760522B4D951100D70D42 /* Sources */,
				63B760532B4D951100D70D42 /* Frameworks */,
				63B760542B4D951100D70D42 /* Resources */,
			);
			buildRules = (
			);
			dependencies = (
			);
			name = ToDoListApp;
			packageProductDependencies = (
				634A30C32B4DA229004B5076 /* SQLite */,
			);
			productName = ToDoListApp;
			productReference = 63B760562B4D951100D70D42 /* ToDoListApp.app */;
			productType = "com.apple.product-type.application";
		};
		63B7606B2B4D951200D70D42 /* ToDoListAppTests */ = {
			isa = PBXNativeTarget;
			buildConfigurationList = 63B760832B4D951200D70D42 /* Build configuration list for PBXNativeTarget "ToDoListAppTests" */;
			buildPhases = (
				63B760682B4D951200D70D42 /* Sources */,
				63B760692B4D951200D70D42 /* Frameworks */,
				63B7606A2B4D951200D70D42 /* Resources */,
			);
			buildRules = (
			);
			dependencies = (
				63B7606E2B4D951200D70D42 /* PBXTargetDependency */,
			);
			name = ToDoListAppTests;
			productName = ToDoListAppTests;
			productReference = 63B7606C2B4D951200D70D42 /* ToDoListAppTests.xctest */;
			productType = "com.apple.product-type.bundle.unit-test";
		};
		63B760752B4D951200D70D42 /* ToDoListAppUITests */ = {
			isa = PBXNativeTarget;
			buildConfigurationList = 63B760862B4D951200D70D42 /* Build configuration list for PBXNativeTarget "ToDoListAppUITests" */;
			buildPhases = (
				63B760722B4D951200D70D42 /* Sources */,
				63B760732B4D951200D70D42 /* Frameworks */,
				63B760742B4D951200D70D42 /* Resources */,
			);
			buildRules = (
			);
			dependencies = (
				63B760782B4D951200D70D42 /* PBXTargetDependency */,
			);
			name = ToDoListAppUITests;
			productName = ToDoListAppUITests;
			productReference = 63B760762B4D951200D70D42 /* ToDoListAppUITests.xctest */;
			productType = "com.apple.product-type.bundle.ui-testing";
		};
/* End PBXNativeTarget section */

/* Begin PBXProject section */
		63B7604E2B4D951100D70D42 /* Project object */ = {
			isa = PBXProject;
			attributes = {
				BuildIndependentTargetsInParallel = 1;
				LastSwiftUpdateCheck = 1500;
				LastUpgradeCheck = 1500;
				TargetAttributes = {
					63B760552B4D951100D70D42 = {
						CreatedOnToolsVersion = 15.0.1;
					};
					63B7606B2B4D951200D70D42 = {
						CreatedOnToolsVersion = 15.0.1;
						TestTargetID = 63B760552B4D951100D70D42;
					};
					63B760752B4D951200D70D42 = {
						CreatedOnToolsVersion = 15.0.1;
						TestTargetID = 63B760552B4D951100D70D42;
					};
				};
			};
			buildConfigurationList = 63B760512B4D951100D70D42 /* Build configuration list for PBXProject "ToDoListApp" */;
			compatibilityVersion = "Xcode 14.0";
			developmentRegion = en;
			hasScannedForEncodings = 0;
			knownRegions = (
				en,
				Base,
			);
			mainGroup = 63B7604D2B4D951100D70D42;
			packageReferences = (
				634A30C22B4DA229004B5076 /* XCRemoteSwiftPackageReference "SQLite" */,
			);
			productRefGroup = 63B760572B4D951100D70D42 /* Products */;
			projectDirPath = "";
			projectRoot = "";
			targets = (
				63B760552B4D951100D70D42 /* ToDoListApp */,
				63B7606B2B4D951200D70D42 /* ToDoListAppTests */,
				63B760752B4D951200D70D42 /* ToDoListAppUITests */,
			);
		};
/* End PBXProject section */

/* Begin PBXResourcesBuildPhase section */
		63B760542B4D951100D70D42 /* Resources */ = {
			isa = PBXResourcesBuildPhase;
			buildActionMask = 2147483647;
			files = (
				63B760662B4D951200D70D42 /* LaunchScreen.storyboard in Resources */,
				63B760632B4D951200D70D42 /* Assets.xcassets in Resources */,
				63B760612B4D951100D70D42 /* Main.storyboard in Resources */,
			);
			runOnlyForDeploymentPostprocessing = 0;
		};
		63B7606A2B4D951200D70D42 /* Resources */ = {
			isa = PBXResourcesBuildPhase;
			buildActionMask = 2147483647;
			files = (
			);
			runOnlyForDeploymentPostprocessing = 0;
		};
		63B760742B4D951200D70D42 /* Resources */ = {
			isa = PBXResourcesBuildPhase;
			buildActionMask = 2147483647;
			files = (
			);
			runOnlyForDeploymentPostprocessing = 0;
		};
/* End PBXResourcesBuildPhase section */

/* Begin PBXSourcesBuildPhase section */
		63B760522B4D951100D70D42 /* Sources */ = {
			isa = PBXSourcesBuildPhase;
			buildActionMask = 2147483647;
			files = (
				63B760952B4D96EF00D70D42 /* TaskTableViewCell.swift in Sources */,
				63B7608B2B4D954700D70D42 /* TaskListViewController.swift in Sources */,
				63B7605A2B4D951100D70D42 /* AppDelegate.swift in Sources */,
				63B7605C2B4D951100D70D42 /* SceneDelegate.swift in Sources */,
				63B760902B4D958400D70D42 /* Task.swift in Sources */,
				63B7608D2B4D955F00D70D42 /* AddTaskViewController.swift in Sources */,
				63B760922B4D966400D70D42 /* DatabaseManager.swift in Sources */,
			);
			runOnlyForDeploymentPostprocessing = 0;
		};
		63B760682B4D951200D70D42 /* Sources */ = {
			isa = PBXSourcesBuildPhase;
			buildActionMask = 2147483647;
			files = (
			);
			runOnlyForDeploymentPostprocessing = 0;
		};
		63B760722B4D951200D70D42 /* Sources */ = {
			isa = PBXSourcesBuildPhase;
			buildActionMask = 2147483647;
			files = (
			);
			runOnlyForDeploymentPostprocessing = 0;
		};
/* End PBXSourcesBuildPhase section */

/* Begin PBXTargetDependency section */
		63B7606E2B4D951200D70D42 /* PBXTargetDependency */ = {
			isa = PBXTargetDependency;
			target = 63B760552B4D951100D70D42 /* ToDoListApp */;
			targetProxy = 63B7606D2B4D951200D70D42 /* PBXContainerItemProxy */;
		};
		63B760782B4D951200D70D42 /* PBXTargetDependency */ = {
			isa = PBXTargetDependency;
			target = 63B760552B4D951100D70D42 /* ToDoListApp */;
			targetProxy = 63B760772B4D951200D70D42 /* PBXContainerItemProxy */;
		};
/* End PBXTargetDependency section */

/* Begin PBXVariantGroup section */
		63B7605F2B4D951100D70D42 /* Main.storyboard */ = {
			isa = PBXVariantGroup;
			children = (
				63B760602B4D951100D70D42 /* Base */,
			);
			name = Main.storyboard;
			sourceTree = "<group>";
		};
		63B760642B4D951200D70D42 /* LaunchScreen.storyboard */ = {
			isa = PBXVariantGroup;
			children = (
				63B760652B4D951200D70D42 /* Base */,
			);
			name = LaunchScreen.storyboard;
			sourceTree = "<group>";
		};
/* End PBXVariantGroup section */

/* Begin XCBuildConfiguration section */
		63B7607E2B4D951200D70D42 /* Debug */ = {
			isa = XCBuildConfiguration;
			buildSettings = {
				ALWAYS_SEARCH_USER_PATHS = NO;
				ASSETCATALOG_COMPILER_GENERATE_SWIFT_ASSET_SYMBOL_EXTENSIONS = YES;
				CLANG_ANALYZER_NONNULL = YES;
				CLANG_ANALYZER_NUMBER_OBJECT_CONVERSION = YES_AGGRESSIVE;
				CLANG_CXX_LANGUAGE_STANDARD = "gnu++20";
				CLANG_ENABLE_MODULES = YES;
				CLANG_ENABLE_OBJC_ARC = YES;
				CLANG_ENABLE_OBJC_WEAK = YES;
				CLANG_WARN_BLOCK_CAPTURE_AUTORELEASING = YES;
				CLANG_WARN_BOOL_CONVERSION = YES;
				CLANG_WARN_COMMA = YES;
				CLANG_WARN_CONSTANT_CONVERSION = YES;
				CLANG_WARN_DEPRECATED_OBJC_IMPLEMENTATIONS = YES;
				CLANG_WARN_DIRECT_OBJC_ISA_USAGE = YES_ERROR;
				CLANG_WARN_DOCUMENTATION_COMMENTS = YES;
				CLANG_WARN_EMPTY_BODY = YES;
				CLANG_WARN_ENUM_CONVERSION = YES;
				CLANG_WARN_INFINITE_RECURSION = YES;
				CLANG_WARN_INT_CONVERSION = YES;
				CLANG_WARN_NON_LITERAL_NULL_CONVERSION = YES;
				CLANG_WARN_OBJC_IMPLICIT_RETAIN_SELF = YES;
				CLANG_WARN_OBJC_LITERAL_CONVERSION = YES;
				CLANG_WARN_OBJC_ROOT_CLASS = YES_ERROR;
				CLANG_WARN_QUOTED_INCLUDE_IN_FRAMEWORK_HEADER = YES;
				CLANG_WARN_RANGE_LOOP_ANALYSIS = YES;
				CLANG_WARN_STRICT_PROTOTYPES = YES;
				CLANG_WARN_SUSPICIOUS_MOVE = YES;
				CLANG_WARN_UNGUARDED_AVAILABILITY = YES_AGGRESSIVE;
				CLANG_WARN_UNREACHABLE_CODE = YES;
				CLANG_WARN__DUPLICATE_METHOD_MATCH = YES;
				COPY_PHASE_STRIP = NO;
				DEBUG_INFORMATION_FORMAT = dwarf;
				ENABLE_STRICT_OBJC_MSGSEND = YES;
				ENABLE_TESTABILITY = YES;
				ENABLE_USER_SCRIPT_SANDBOXING = YES;
				GCC_C_LANGUAGE_STANDARD = gnu17;
				GCC_DYNAMIC_NO_PIC = NO;
				GCC_NO_COMMON_BLOCKS = YES;
				GCC_OPTIMIZATION_LEVEL = 0;
				GCC_PREPROCESSOR_DEFINITIONS = (
					"DEBUG=1",
					"$(inherited)",
				);
				GCC_WARN_64_TO_32_BIT_CONVERSION = YES;
				GCC_WARN_ABOUT_RETURN_TYPE = YES_ERROR;
				GCC_WARN_UNDECLARED_SELECTOR = YES;
				GCC_WARN_UNINITIALIZED_AUTOS = YES_AGGRESSIVE;
				GCC_WARN_UNUSED_FUNCTION = YES;
				GCC_WARN_UNUSED_VARIABLE = YES;
				IPHONEOS_DEPLOYMENT_TARGET = 17.0;
				LOCALIZATION_PREFERS_STRING_CATALOGS = YES;
				MTL_ENABLE_DEBUG_INFO = INCLUDE_SOURCE;
				MTL_FAST_MATH = YES;
				ONLY_ACTIVE_ARCH = YES;
				SDKROOT = iphoneos;
				SWIFT_ACTIVE_COMPILATION_CONDITIONS = "DEBUG $(inherited)";
				SWIFT_OPTIMIZATION_LEVEL = "-Onone";
			};
			name = Debug;
		};
		63B7607F2B4D951200D70D42 /* Release */ = {
			isa = XCBuildConfiguration;
			buildSettings = {
				ALWAYS_SEARCH_USER_PATHS = NO;
				ASSETCATALOG_COMPILER_GENERATE_SWIFT_ASSET_SYMBOL_EXTENSIONS = YES;
				CLANG_ANALYZER_NONNULL = YES;
				CLANG_ANALYZER_NUMBER_OBJECT_CONVERSION = YES_AGGRESSIVE;
				CLANG_CXX_LANGUAGE_STANDARD = "gnu++20";
				CLANG_ENABLE_MODULES = YES;
				CLANG_ENABLE_OBJC_ARC = YES;
				CLANG_ENABLE_OBJC_WEAK = YES;
				CLANG_WARN_BLOCK_CAPTURE_AUTORELEASING = YES;
				CLANG_WARN_BOOL_CONVERSION = YES;
				CLANG_WARN_COMMA = YES;
				CLANG_WARN_CONSTANT_CONVERSION = YES;
				CLANG_WARN_DEPRECATED_OBJC_IMPLEMENTATIONS = YES;
				CLANG_WARN_DIRECT_OBJC_ISA_USAGE = YES_ERROR;
				CLANG_WARN_DOCUMENTATION_COMMENTS = YES;
				CLANG_WARN_EMPTY_BODY = YES;
				CLANG_WARN_ENUM_CONVERSION = YES;
				CLANG_WARN_INFINITE_RECURSION = YES;
				CLANG_WARN_INT_CONVERSION = YES;
				CLANG_WARN_NON_LITERAL_NULL_CONVERSION = YES;
				CLANG_WARN_OBJC_IMPLICIT_RETAIN_SELF = YES;
				CLANG_WARN_OBJC_LITERAL_CONVERSION = YES;
				CLANG_WARN_OBJC_ROOT_CLASS = YES_ERROR;
				CLANG_WARN_QUOTED_INCLUDE_IN_FRAMEWORK_HEADER = YES;
				CLANG_WARN_RANGE_LOOP_ANALYSIS = YES;
				CLANG_WARN_STRICT_PROTOTYPES = YES;
				CLANG_WARN_SUSPICIOUS_MOVE = YES;
				CLANG_WARN_UNGUARDED_AVAILABILITY = YES_AGGRESSIVE;
				CLANG_WARN_UNREACHABLE_CODE = YES;
				CLANG_WARN__DUPLICATE_METHOD_MATCH = YES;
				COPY_PHASE_STRIP = NO;
				DEBUG_INFORMATION_FORMAT = "dwarf-with-dsym";
				ENABLE_NS_ASSERTIONS = NO;
				ENABLE_STRICT_OBJC_MSGSEND = YES;
				ENABLE_USER_SCRIPT_SANDBOXING = YES;
				GCC_C_LANGUAGE_STANDARD = gnu17;
				GCC_NO_COMMON_BLOCKS = YES;
				GCC_WARN_64_TO_32_BIT_CONVERSION = YES;
				GCC_WARN_ABOUT_RETURN_TYPE = YES_ERROR;
				GCC_WARN_UNDECLARED_SELECTOR = YES;
				GCC_WARN_UNINITIALIZED_AUTOS = YES_AGGRESSIVE;
				GCC_WARN_UNUSED_FUNCTION = YES;
				GCC_WARN_UNUSED_VARIABLE = YES;
				IPHONEOS_DEPLOYMENT_TARGET = 17.0;
				LOCALIZATION_PREFERS_STRING_CATALOGS = YES;
				MTL_ENABLE_DEBUG_INFO = NO;
				MTL_FAST_MATH = YES;
				SDKROOT = iphoneos;
				SWIFT_COMPILATION_MODE = wholemodule;
				VALIDATE_PRODUCT = YES;
			};
			name = Release;
		};
		63B760812B4D951200D70D42 /* Debug */ = {
			isa = XCBuildConfiguration;
			buildSettings = {
				ASSETCATALOG_COMPILER_APPICON_NAME = AppIcon;
				ASSETCATALOG_COMPILER_GLOBAL_ACCENT_COLOR_NAME = AccentColor;
				CODE_SIGN_IDENTITY = "Apple Development";
				CODE_SIGN_STYLE = Automatic;
				CURRENT_PROJECT_VERSION = 1;
				DEVELOPMENT_TEAM = "";
				GENERATE_INFOPLIST_FILE = YES;
				INFOPLIST_FILE = ToDoListApp/Info.plist;
				INFOPLIST_KEY_UIApplicationSupportsIndirectInputEvents = YES;
				INFOPLIST_KEY_UILaunchStoryboardName = LaunchScreen;
				INFOPLIST_KEY_UIMainStoryboardFile = Main;
				INFOPLIST_KEY_UISupportedInterfaceOrientations_iPad = "UIInterfaceOrientationPortrait UIInterfaceOrientationPortraitUpsideDown UIInterfaceOrientationLandscapeLeft UIInterfaceOrientationLandscapeRight";
				INFOPLIST_KEY_UISupportedInterfaceOrientations_iPhone = "UIInterfaceOrientationPortrait UIInterfaceOrientationLandscapeLeft UIInterfaceOrientationLandscapeRight";
				LD_RUNPATH_SEARCH_PATHS = (
					"$(inherited)",
					"@executable_path/Frameworks",
				);
				MARKETING_VERSION = 1.0;
				PRODUCT_BUNDLE_IDENTIFIER = Interview.ToDoListApp;
				PRODUCT_NAME = "$(TARGET_NAME)";
				PROVISIONING_PROFILE_SPECIFIER = "";
				SWIFT_EMIT_LOC_STRINGS = YES;
				SWIFT_VERSION = 5.0;
				TARGETED_DEVICE_FAMILY = "1,2";
			};
			name = Debug;
		};
		63B760822B4D951200D70D42 /* Release */ = {
			isa = XCBuildConfiguration;
			buildSettings = {
				ASSETCATALOG_COMPILER_APPICON_NAME = AppIcon;
				ASSETCATALOG_COMPILER_GLOBAL_ACCENT_COLOR_NAME = AccentColor;
				CODE_SIGN_IDENTITY = "Apple Development";
				CODE_SIGN_STYLE = Automatic;
				CURRENT_PROJECT_VERSION = 1;
				DEVELOPMENT_TEAM = "";
				GENERATE_INFOPLIST_FILE = YES;
				INFOPLIST_FILE = ToDoListApp/Info.plist;
				INFOPLIST_KEY_UIApplicationSupportsIndirectInputEvents = YES;
				INFOPLIST_KEY_UILaunchStoryboardName = LaunchScreen;
				INFOPLIST_KEY_UIMainStoryboardFile = Main;
				INFOPLIST_KEY_UISupportedInterfaceOrientations_iPad = "UIInterfaceOrientationPortrait UIInterfaceOrientationPortraitUpsideDown UIInterfaceOrientationLandscapeLeft UIInterfaceOrientationLandscapeRight";
				INFOPLIST_KEY_UISupportedInterfaceOrientations_iPhone = "UIInterfaceOrientationPortrait UIInterfaceOrientationLandscapeLeft UIInterfaceOrientationLandscapeRight";
				LD_RUNPATH_SEARCH_PATHS = (
					"$(inherited)",
					"@executable_path/Frameworks",
				);
				MARKETING_VERSION = 1.0;
				PRODUCT_BUNDLE_IDENTIFIER = Interview.ToDoListApp;
				PRODUCT_NAME = "$(TARGET_NAME)";
				PROVISIONING_PROFILE_SPECIFIER = "";
				SWIFT_EMIT_LOC_STRINGS = YES;
				SWIFT_VERSION = 5.0;
				TARGETED_DEVICE_FAMILY = "1,2";
			};
			name = Release;
		};
		63B760842B4D951200D70D42 /* Debug */ = {
			isa = XCBuildConfiguration;
			buildSettings = {
				ALWAYS_EMBED_SWIFT_STANDARD_LIBRARIES = YES;
				BUNDLE_LOADER = "$(TEST_HOST)";
				CODE_SIGN_STYLE = Automatic;
				CURRENT_PROJECT_VERSION = 1;
				GENERATE_INFOPLIST_FILE = YES;
				IPHONEOS_DEPLOYMENT_TARGET = 17.0;
				MARKETING_VERSION = 1.0;
				PRODUCT_BUNDLE_IDENTIFIER = Interview.ToDoListAppTests;
				PRODUCT_NAME = "$(TARGET_NAME)";
				SWIFT_EMIT_LOC_STRINGS = NO;
				SWIFT_VERSION = 5.0;
				TARGETED_DEVICE_FAMILY = "1,2";
				TEST_HOST = "$(BUILT_PRODUCTS_DIR)/ToDoListApp.app/$(BUNDLE_EXECUTABLE_FOLDER_PATH)/ToDoListApp";
			};
			name = Debug;
		};
		63B760852B4D951200D70D42 /* Release */ = {
			isa = XCBuildConfiguration;
			buildSettings = {
				ALWAYS_EMBED_SWIFT_STANDARD_LIBRARIES = YES;
				BUNDLE_LOADER = "$(TEST_HOST)";
				CODE_SIGN_STYLE = Automatic;
				CURRENT_PROJECT_VERSION = 1;
				GENERATE_INFOPLIST_FILE = YES;
				IPHONEOS_DEPLOYMENT_TARGET = 17.0;
				MARKETING_VERSION = 1.0;
				PRODUCT_BUNDLE_IDENTIFIER = Interview.ToDoListAppTests;
				PRODUCT_NAME = "$(TARGET_NAME)";
				SWIFT_EMIT_LOC_STRINGS = NO;
				SWIFT_VERSION = 5.0;
				TARGETED_DEVICE_FAMILY = "1,2";
				TEST_HOST = "$(BUILT_PRODUCTS_DIR)/ToDoListApp.app/$(BUNDLE_EXECUTABLE_FOLDER_PATH)/ToDoListApp";
			};
			name = Release;
		};
		63B760872B4D951200D70D42 /* Debug */ = {
			isa = XCBuildConfiguration;
			buildSettings = {
				ALWAYS_EMBED_SWIFT_STANDARD_LIBRARIES = YES;
				CODE_SIGN_STYLE = Automatic;
				CURRENT_PROJECT_VERSION = 1;
				GENERATE_INFOPLIST_FILE = YES;
				MARKETING_VERSION = 1.0;
				PRODUCT_BUNDLE_IDENTIFIER = Interview.ToDoListAppUITests;
				PRODUCT_NAME = "$(TARGET_NAME)";
				SWIFT_EMIT_LOC_STRINGS = NO;
				SWIFT_VERSION = 5.0;
				TARGETED_DEVICE_FAMILY = "1,2";
				TEST_TARGET_NAME = ToDoListApp;
			};
			name = Debug;
		};
		63B760882B4D951200D70D42 /* Release */ = {
			isa = XCBuildConfiguration;
			buildSettings = {
				ALWAYS_EMBED_SWIFT_STANDARD_LIBRARIES = YES;
				CODE_SIGN_STYLE = Automatic;
				CURRENT_PROJECT_VERSION = 1;
				GENERATE_INFOPLIST_FILE = YES;
				MARKETING_VERSION = 1.0;
				PRODUCT_BUNDLE_IDENTIFIER = Interview.ToDoListAppUITests;
				PRODUCT_NAME = "$(TARGET_NAME)";
				SWIFT_EMIT_LOC_STRINGS = NO;
				SWIFT_VERSION = 5.0;
				TARGETED_DEVICE_FAMILY = "1,2";
				TEST_TARGET_NAME = ToDoListApp;
			};
			name = Release;
		};
/* End XCBuildConfiguration section */

/* Begin XCConfigurationList section */
		63B760512B4D951100D70D42 /* Build configuration list for PBXProject "ToDoListApp" */ = {
			isa = XCConfigurationList;
			buildConfigurations = (
				63B7607E2B4D951200D70D42 /* Debug */,
				63B7607F2B4D951200D70D42 /* Release */,
			);
			defaultConfigurationIsVisible = 0;
			defaultConfigurationName = Release;
		};
		63B760802B4D951200D70D42 /* Build configuration list for PBXNativeTarget "ToDoListApp" */ = {
			isa = XCConfigurationList;
			buildConfigurations = (
				63B760812B4D951200D70D42 /* Debug */,
				63B760822B4D951200D70D42 /* Release */,
			);
			defaultConfigurationIsVisible = 0;
			defaultConfigurationName = Release;
		};
		63B760832B4D951200D70D42 /* Build configuration list for PBXNativeTarget "ToDoListAppTests" */ = {
			isa = XCConfigurationList;
			buildConfigurations = (
				63B760842B4D951200D70D42 /* Debug */,
				63B760852B4D951200D70D42 /* Release */,
			);
			defaultConfigurationIsVisible = 0;
			defaultConfigurationName = Release;
		};
		63B760862B4D951200D70D42 /* Build configuration list for PBXNativeTarget "ToDoListAppUITests" */ = {
			isa = XCConfigurationList;
			buildConfigurations = (
				63B760872B4D951200D70D42 /* Debug */,
				63B760882B4D951200D70D42 /* Release */,
			);
			defaultConfigurationIsVisible = 0;
			defaultConfigurationName = Release;
		};
/* End XCConfigurationList section */

/* Begin XCRemoteSwiftPackageReference section */
		634A30C22B4DA229004B5076 /* XCRemoteSwiftPackageReference "SQLite" */ = {
			isa = XCRemoteSwiftPackageReference;
			repositoryURL = "https://github.com/stephencelis/SQLite.swift";
			requirement = {
				kind = upToNextMajorVersion;
				minimumVersion = 0.14.1;
			};
		};
/* End XCRemoteSwiftPackageReference section */

/* Begin XCSwiftPackageProductDependency section */
		634A30C32B4DA229004B5076 /* SQLite */ = {
			isa = XCSwiftPackageProductDependency;
			package = 634A30C22B4DA229004B5076 /* XCRemoteSwiftPackageReference "SQLite" */;
			productName = SQLite;
		};
/* End XCSwiftPackageProductDependency section */
	};
	rootObject = 63B7604E2B4D951100D70D42 /* Project object */;
}
